
Microsoft Visual Studio Solution File, Format Version 12.00
# Visual Studio Version 17
VisualStudioVersion = 17.3.32825.248
MinimumVisualStudioVersion = 10.0.40219.1
Project("{FAE04EC0-301F-11D3-BF4B-00C04F79EFBC}") = "zakharchenko_kn-3-2_lab3", "zakharchenko_kn-3-2_lab3\zakharchenko_kn-3-2_lab3.csproj", "{3CB00A88-D946-4337-9E81-1E775D45FA4C}"
EndProject
Global
	GlobalSection(SolutionConfigurationPlatforms) = preSolution
		Debug|Any CPU = Debug|Any CPU
		Release|Any CPU = Release|Any CPU
	EndGlobalSection
	GlobalSection(ProjectConfigurationPlatforms) = postSolution
		{3CB00A88-D946-4337-9E81-1E775D45FA4C}.Debug|Any CPU.ActiveCfg = Debug|Any CPU
		{3CB00A88-D946-4337-9E81-1E775D45FA4C}.Debug|Any CPU.Build.0 = Debug|Any CPU
		{3CB00A88-D946-4337-9E81-1E775D45FA4C}.Release|Any CPU.ActiveCfg = Release|Any CPU
		{3CB00A88-D946-4337-9E81-1E775D45FA4C}.Release|Any CPU.Build.0 = Release|Any CPU
	EndGlobalSection
	GlobalSection(SolutionProperties) = preSolution
		HideSolutionNode = FALSE
	EndGlobalSection
	GlobalSection(ExtensibilityGlobals) = postSolution
		SolutionGuid = {40566CED-0E49-4399-B5B0-90660CFCE0A8}
	EndGlobalSection
EndGlobal
